
Microsoft Visual Studio Solution File, Format Version 12.00
# Visual Studio 15
VisualStudioVersion = 15.0.28307.106
MinimumVisualStudioVersion = 10.0.40219.1
Project("{FAE04EC0-301F-11D3-BF4B-00C04F79EFBC}") = "ANTLRTest", "ANTLRTest\ANTLRTest.csproj", "{5C4E057B-7F72-48FA-8122-4D2339F7D401}"
EndProject
Project("{FAE04EC0-301F-11D3-BF4B-00C04F79EFBC}") = "FA_Language_Interpreter", "FA_Language_Interpreter\FA_Language_Interpreter.csproj", "{7ABC78AD-F929-405A-B41B-185959801438}"
EndProject
Global
	GlobalSection(SolutionConfigurationPlatforms) = preSolution
		Debug|Any CPU = Debug|Any CPU
		Release|Any CPU = Release|Any CPU
	EndGlobalSection
	GlobalSection(ProjectConfigurationPlatforms) = postSolution
		{5C4E057B-7F72-48FA-8122-4D2339F7D401}.Debug|Any CPU.ActiveCfg = Debug|Any CPU
		{5C4E057B-7F72-48FA-8122-4D2339F7D401}.Debug|Any CPU.Build.0 = Debug|Any CPU
		{5C4E057B-7F72-48FA-8122-4D2339F7D401}.Release|Any CPU.ActiveCfg = Release|Any CPU
		{5C4E057B-7F72-48FA-8122-4D2339F7D401}.Release|Any CPU.Build.0 = Release|Any CPU
		{7ABC78AD-F929-405A-B41B-185959801438}.Debug|Any CPU.ActiveCfg = Debug|Any CPU
		{7ABC78AD-F929-405A-B41B-185959801438}.Debug|Any CPU.Build.0 = Debug|Any CPU
		{7ABC78AD-F929-405A-B41B-185959801438}.Release|Any CPU.ActiveCfg = Release|Any CPU
		{7ABC78AD-F929-405A-B41B-185959801438}.Release|Any CPU.Build.0 = Release|Any CPU
	EndGlobalSection
	GlobalSection(SolutionProperties) = preSolution
		HideSolutionNode = FALSE
	EndGlobalSection
	GlobalSection(ExtensibilityGlobals) = postSolution
		SolutionGuid = {4EDBB50C-3217-4EF6-A26A-B7D7664AF59D}
	EndGlobalSection
EndGlobal
